{
  "name": "music",
  "version": "1.0.0",
  "lockfileVersion": 1,
  "requires": true,
  "dependencies": {
    "@better-scroll/core": {
      "version": "2.4.2",
      "resolved": "http://r.npm.sankuai.com/@better-scroll/core/download/@better-scroll/core-2.4.2.tgz",
      "integrity": "sha1-5pRwAS15kjoYA0w+STFyD7sG6uU=",
      "requires": {
        "@better-scroll/shared-utils": "^2.4.2"
      }
    },
    "@better-scroll/indicators": {
      "version": "2.4.2",
      "resolved": "http://r.npm.sankuai.com/@better-scroll/indicators/download/@better-scroll/indicators-2.4.2.tgz",
      "integrity": "sha1-nHJkenZOVA8/81aTfFTYLHcceKo=",
      "requires": {
        "@better-scroll/core": "^2.4.2"
      }
    },
    "@better-scroll/infinity": {
      "version": "2.4.2",
      "resolved": "http://r.npm.sankuai.com/@better-scroll/infinity/download/@better-scroll/infinity-2.4.2.tgz",
      "integrity": "sha1-gsPmFVX+rx04gs+jXusczgn5Hhs=",
      "requires": {
        "@better-scroll/core": "^2.4.2"
      }
    },
    "@better-scroll/mouse-wheel": {
      "version": "2.4.2",
      "resolved": "http://r.npm.sankuai.com/@better-scroll/mouse-wheel/download/@better-scroll/mouse-wheel-2.4.2.tgz",
      "integrity": "sha1-3qcKYNwqN5XvatVp0t6ltMfpr0w=",
      "requires": {
        "@better-scroll/core": "^2.4.2"
      }
    },
    "@better-scroll/movable": {
      "version": "2.4.2",
      "resolved": "http://r.npm.sankuai.com/@better-scroll/movable/download/@better-scroll/movable-2.4.2.tgz",
      "integrity": "sha1-84XmXSPOogMf3cUt1OtPUr1fxOc=",
      "requires": {
        "@better-scroll/core": "^2.4.2"
      }
    },
    "@better-scroll/nested-scroll": {
      "version": "2.4.2",
      "resolved": "http://r.npm.sankuai.com/@better-scroll/nested-scroll/download/@better-scroll/nested-scroll-2.4.2.tgz",
      "integrity": "sha1-RGgPSwIXZGElDmvm2V8qxhaaHJg=",
      "requires": {
        "@better-scroll/core": "^2.4.2"
      }
    },
    "@better-scroll/observe-dom": {
      "version": "2.4.2",
      "resolved": "http://r.npm.sankuai.com/@better-scroll/observe-dom/download/@better-scroll/observe-dom-2.4.2.tgz",
      "integrity": "sha1-zB5tgqj1NSXCgsmkvOpdG+jCHJU=",
      "requires": {
        "@better-scroll/core": "^2.4.2"
      }
    },
    "@better-scroll/observe-image": {
      "version": "2.4.2",
      "resolved": "http://r.npm.sankuai.com/@better-scroll/observe-image/download/@better-scroll/observe-image-2.4.2.tgz",
      "integrity": "sha1-tuVdIx0Lslcduxh3jaks+93i3VQ=",
      "requires": {
        "@better-scroll/core": "^2.4.2"
      }
    },
    "@better-scroll/pull-down": {
      "version": "2.4.2",
      "resolved": "http://r.npm.sankuai.com/@better-scroll/pull-down/download/@better-scroll/pull-down-2.4.2.tgz",
      "integrity": "sha1-a5iyi9c+m2lLCFepxzh55wM5y5Y=",
      "requires": {
        "@better-scroll/core": "^2.4.2"
      }
    },
    "@better-scroll/pull-up": {
      "version": "2.4.2",
      "resolved": "http://r.npm.sankuai.com/@better-scroll/pull-up/download/@better-scroll/pull-up-2.4.2.tgz",
      "integrity": "sha1-JTV87ve6x1IJMPBjGJa2OhD4Km8=",
      "requires": {
        "@better-scroll/core": "^2.4.2"
      }
    },
    "@better-scroll/scroll-bar": {
      "version": "2.4.2",
      "resolved": "http://r.npm.sankuai.com/@better-scroll/scroll-bar/download/@better-scroll/scroll-bar-2.4.2.tgz",
      "integrity": "sha1-JXhWodon1l64mawm8BBgr7+AC9s=",
      "requires": {
        "@better-scroll/core": "^2.4.2"
      }
    },
    "@better-scroll/shared-utils": {
      "version": "2.4.2",
      "resolved": "http://r.npm.sankuai.com/@better-scroll/shared-utils/download/@better-scroll/shared-utils-2.4.2.tgz",
      "integrity": "sha1-GsXJdJVycJOiKoAJVgeV3V48GNo="
    },
    "@better-scroll/slide": {
      "version": "2.4.2",
      "resolved": "http://r.npm.sankuai.com/@better-scroll/slide/download/@better-scroll/slide-2.4.2.tgz",
      "integrity": "sha1-AkUorldRai7pm+o0Y4FYnk5qA5w=",
      "requires": {
        "@better-scroll/core": "^2.4.2"
      }
    },
    "@better-scroll/wheel": {
      "version": "2.4.2",
      "resolved": "http://r.npm.sankuai.com/@better-scroll/wheel/download/@better-scroll/wheel-2.4.2.tgz",
      "integrity": "sha1-DddLA1meAagtVdKfbcrXqKUDvXU=",
      "requires": {
        "@better-scroll/core": "^2.4.2"
      }
    },
    "@better-scroll/zoom": {
      "version": "2.4.2",
      "resolved": "http://r.npm.sankuai.com/@better-scroll/zoom/download/@better-scroll/zoom-2.4.2.tgz",
      "integrity": "sha1-wmwt8zEu11sx8CA8Xy5hgavAbF4=",
      "requires": {
        "@better-scroll/core": "^2.4.2"
      }
    },
    "@nodelib/fs.scandir": {
      "version": "2.1.5",
      "resolved": "http://r.npm.sankuai.com/@nodelib/fs.scandir/download/@nodelib/fs.scandir-2.1.5.tgz",
      "integrity": "sha1-dhnC6yGyVIP20WdUi0z9WnSIw9U=",
      "requires": {
        "@nodelib/fs.stat": "2.0.5",
        "run-parallel": "^1.1.9"
      }
    },
    "@nodelib/fs.stat": {
      "version": "2.0.5",
      "resolved": "http://r.npm.sankuai.com/@nodelib/fs.stat/download/@nodelib/fs.stat-2.0.5.tgz",
      "integrity": "sha1-W9Jir5Tp0lvR5xsF3u1Eh2oiLos="
    },
    "@nodelib/fs.walk": {
      "version": "1.2.8",
      "resolved": "http://r.npm.sankuai.com/@nodelib/fs.walk/download/@nodelib/fs.walk-1.2.8.tgz",
      "integrity": "sha1-6Vc36LtnRt3t9pxVaVNJTxlv5po=",
      "requires": {
        "@nodelib/fs.scandir": "2.1.5",
        "fastq": "^1.6.0"
      }
    },
    "@vue/devtools-api": {
      "version": "6.0.12",
      "resolved": "http://r.npm.sankuai.com/@vue/devtools-api/download/@vue/devtools-api-6.0.12.tgz",
      "integrity": "sha1-e1fM4hWunzeoaYRjOzqj1ZWqW0Y="
    },
    "array-find-index": {
      "version": "1.0.2",
      "resolved": "http://r.npm.sankuai.com/array-find-index/download/array-find-index-1.0.2.tgz",
      "integrity": "sha1-3wEKoSh+Fku9pvlyOwqWoexBh6E="
    },
    "atob": {
      "version": "2.1.2",
      "resolved": "http://r.npm.sankuai.com/atob/download/atob-2.1.2.tgz",
      "integrity": "sha1-bZUX654DDSQ2ZmZR6GvZ9vE1M8k="
    },
    "axios": {
      "version": "0.26.1",
      "resolved": "http://r.npm.sankuai.com/axios/download/axios-0.26.1.tgz",
      "integrity": "sha1-Ht5BxR/PUbu9b9Q2acqqTwSVqqk=",
      "requires": {
        "follow-redirects": "^1.14.8"
      }
    },
    "balanced-match": {
      "version": "1.0.2",
      "resolved": "http://r.npm.sankuai.com/balanced-match/download/balanced-match-1.0.2.tgz",
      "integrity": "sha1-6D46fj8wCzTLnYf2FfoMvzV2kO4="
    },
    "better-scroll": {
      "version": "2.4.2",
      "resolved": "http://r.npm.sankuai.com/better-scroll/download/better-scroll-2.4.2.tgz",
      "integrity": "sha1-dJaxQxDu2WnaTbX/H6M+oDLU7xg=",
      "requires": {
        "@better-scroll/core": "^2.4.2",
        "@better-scroll/indicators": "^2.4.2",
        "@better-scroll/infinity": "^2.4.2",
        "@better-scroll/mouse-wheel": "^2.4.2",
        "@better-scroll/movable": "^2.4.2",
        "@better-scroll/nested-scroll": "^2.4.2",
        "@better-scroll/observe-dom": "^2.4.2",
        "@better-scroll/observe-image": "^2.4.2",
        "@better-scroll/pull-down": "^2.4.2",
        "@better-scroll/pull-up": "^2.4.2",
        "@better-scroll/scroll-bar": "^2.4.2",
        "@better-scroll/slide": "^2.4.2",
        "@better-scroll/wheel": "^2.4.2",
        "@better-scroll/zoom": "^2.4.2"
      }
    },
    "brace-expansion": {
      "version": "1.1.11",
      "resolved": "http://r.npm.sankuai.com/brace-expansion/download/brace-expansion-1.1.11.tgz",
      "integrity": "sha1-PH/L9SnYcibz0vUrlm/1Jx60Qd0=",
      "requires": {
        "balanced-match": "^1.0.0",
        "concat-map": "0.0.1"
      }
    },
    "braces": {
      "version": "3.0.2",
      "resolved": "http://r.npm.sankuai.com/braces/download/braces-3.0.2.tgz",
      "integrity": "sha1-NFThpGLujVmeI23zNs2epPiv4Qc=",
      "requires": {
        "fill-range": "^7.0.1"
      }
    },
    "concat-map": {
      "version": "0.0.1",
      "resolved": "http://r.npm.sankuai.com/concat-map/download/concat-map-0.0.1.tgz",
      "integrity": "sha1-2Klr13/Wjfd5OnMDajug1UBdR3s="
    },
    "css": {
      "version": "3.0.0",
      "resolved": "http://r.npm.sankuai.com/css/download/css-3.0.0.tgz",
      "integrity": "sha1-REek1Y/dAzZ8UWyp9krjZc7kql0=",
      "requires": {
        "inherits": "^2.0.4",
        "source-map": "^0.6.1",
        "source-map-resolve": "^0.6.0"
      },
      "dependencies": {
        "source-map": {
          "version": "0.6.1",
          "resolved": "http://r.npm.sankuai.com/source-map/download/source-map-0.6.1.tgz",
          "integrity": "sha1-dHIq8y6WFOnCh6jQu95IteLxomM="
        }
      }
    },
    "debug": {
      "version": "2.6.9",
      "resolved": "http://r.npm.sankuai.com/debug/download/debug-2.6.9.tgz",
      "integrity": "sha1-XRKFFd8TT/Mn6QpMk/Tgd6U2NB8=",
      "requires": {
        "ms": "2.0.0"
      }
    },
    "decode-uri-component": {
      "version": "0.2.0",
      "resolved": "http://r.npm.sankuai.com/decode-uri-component/download/decode-uri-component-0.2.0.tgz",
      "integrity": "sha1-6zkTMzRYd1y4TNGh+uBiEGu4dUU="
    },
    "fast-glob": {
      "version": "3.2.11",
      "resolved": "http://r.npm.sankuai.com/fast-glob/download/fast-glob-3.2.11.tgz",
      "integrity": "sha1-oRcq2VzrihbiDKpcXlZIDlEpwdk=",
      "requires": {
        "@nodelib/fs.stat": "^2.0.2",
        "@nodelib/fs.walk": "^1.2.3",
        "glob-parent": "^5.1.2",
        "merge2": "^1.3.0",
        "micromatch": "^4.0.4"
      }
    },
    "fastclick": {
      "version": "1.0.6",
      "resolved": "http://r.npm.sankuai.com/fastclick/download/fastclick-1.0.6.tgz",
      "integrity": "sha1-FhYlsnsaWAZAWTa9qaLBkm0Gvmo="
    },
    "fastq": {
      "version": "1.13.0",
      "resolved": "http://r.npm.sankuai.com/fastq/download/fastq-1.13.0.tgz",
      "integrity": "sha1-YWdg+Ip1Jr38WWt8q4wYk4w2uYw=",
      "requires": {
        "reusify": "^1.0.4"
      }
    },
    "fill-range": {
      "version": "7.0.1",
      "resolved": "http://r.npm.sankuai.com/fill-range/download/fill-range-7.0.1.tgz",
      "integrity": "sha1-GRmmp8df44ssfHflGYU12prN2kA=",
      "requires": {
        "to-regex-range": "^5.0.1"
      }
    },
    "follow-redirects": {
      "version": "1.14.9",
      "resolved": "http://r.npm.sankuai.com/follow-redirects/download/follow-redirects-1.14.9.tgz",
      "integrity": "sha1-3U6hV957+vnqmz+9haoWlR942Nc="
    },
    "fs.realpath": {
      "version": "1.0.0",
      "resolved": "http://r.npm.sankuai.com/fs.realpath/download/fs.realpath-1.0.0.tgz",
      "integrity": "sha1-FQStJSMVjKpA20onh8sBQRmU6k8="
    },
    "glob": {
      "version": "7.2.0",
      "resolved": "http://r.npm.sankuai.com/glob/download/glob-7.2.0.tgz",
      "integrity": "sha1-0VU1r3cy4C6Uj0xBYovZECk/YCM=",
      "requires": {
        "fs.realpath": "^1.0.0",
        "inflight": "^1.0.4",
        "inherits": "2",
        "minimatch": "^3.0.4",
        "once": "^1.3.0",
        "path-is-absolute": "^1.0.0"
      }
    },
    "glob-parent": {
      "version": "5.1.2",
      "resolved": "http://r.npm.sankuai.com/glob-parent/download/glob-parent-5.1.2.tgz",
      "integrity": "sha1-hpgyxYA0/mikCTwX3BXoNA2EAcQ=",
      "requires": {
        "is-glob": "^4.0.1"
      }
    },
    "inflight": {
      "version": "1.0.6",
      "resolved": "http://r.npm.sankuai.com/inflight/download/inflight-1.0.6.tgz",
      "integrity": "sha1-Sb1jMdfQLQwJvJEKEHW6gWW1bfk=",
      "requires": {
        "once": "^1.3.0",
        "wrappy": "1"
      }
    },
    "inherits": {
      "version": "2.0.4",
      "resolved": "http://r.npm.sankuai.com/inherits/download/inherits-2.0.4.tgz",
      "integrity": "sha1-D6LGT5MpF8NDOg3tVTY6rjdBa3w="
    },
    "is-extglob": {
      "version": "2.1.1",
      "resolved": "http://r.npm.sankuai.com/is-extglob/download/is-extglob-2.1.1.tgz",
      "integrity": "sha1-qIwCU1eR8C7TfHahueqXc8gz+MI="
    },
    "is-glob": {
      "version": "4.0.3",
      "resolved": "http://r.npm.sankuai.com/is-glob/download/is-glob-4.0.3.tgz",
      "integrity": "sha1-ZPYeQsu7LuwgcanawLKLoeZdUIQ=",
      "requires": {
        "is-extglob": "^2.1.1"
      }
    },
    "is-number": {
      "version": "7.0.0",
      "resolved": "http://r.npm.sankuai.com/is-number/download/is-number-7.0.0.tgz",
      "integrity": "sha1-dTU0W4lnNNX4DE0GxQlVUnoU8Ss="
    },
    "jsonp": {
      "version": "0.2.1",
      "resolved": "http://r.npm.sankuai.com/jsonp/download/jsonp-0.2.1.tgz",
      "integrity": "sha1-pltPoPEL2nGaBUQep7lMVfPhW64=",
      "requires": {
        "debug": "^2.1.3"
      }
    },
    "klona": {
      "version": "2.0.5",
      "resolved": "http://r.npm.sankuai.com/klona/download/klona-2.0.5.tgz",
      "integrity": "sha1-0WZXTZAHY5XZljqnqSj6u412r7w="
    },
    "merge2": {
      "version": "1.4.1",
      "resolved": "http://r.npm.sankuai.com/merge2/download/merge2-1.4.1.tgz",
      "integrity": "sha1-Q2iJL4hekHRVpv19xVwMnUBJkK4="
    },
    "micromatch": {
      "version": "4.0.4",
      "resolved": "http://r.npm.sankuai.com/micromatch/download/micromatch-4.0.4.tgz",
      "integrity": "sha1-iW1Rnf6dsl/OlM63pQCRm/iB6/k=",
      "requires": {
        "braces": "^3.0.1",
        "picomatch": "^2.2.3"
      }
    },
    "minimatch": {
      "version": "3.1.2",
      "resolved": "http://r.npm.sankuai.com/minimatch/download/minimatch-3.1.2.tgz",
      "integrity": "sha1-Gc0ZS/0+Qo8EmnCBfAONiatL41s=",
      "requires": {
        "brace-expansion": "^1.1.7"
      }
    },
    "mint-ui": {
      "version": "2.2.13",
      "resolved": "http://r.npm.sankuai.com/mint-ui/download/mint-ui-2.2.13.tgz",
      "integrity": "sha1-hWosupYIxuzyHw5SHOie2N3+M9M=",
      "requires": {
        "array-find-index": "^1.0.2",
        "raf.js": "0.0.4",
        "vue-lazyload": "^1.0.1"
      }
    },
    "ms": {
      "version": "2.0.0",
      "resolved": "http://r.npm.sankuai.com/ms/download/ms-2.0.0.tgz",
      "integrity": "sha1-VgiurfwAvmwpAd9fmGF4jeDVl8g="
    },
    "normalize-path": {
      "version": "3.0.0",
      "resolved": "http://r.npm.sankuai.com/normalize-path/download/normalize-path-3.0.0.tgz",
      "integrity": "sha1-Dc1p/yOhybEf0JeDFmRKA4ghamU="
    },
    "once": {
      "version": "1.4.0",
      "resolved": "http://r.npm.sankuai.com/once/download/once-1.4.0.tgz",
      "integrity": "sha1-WDsap3WWHUsROsF9nFC6753Xa9E=",
      "requires": {
        "wrappy": "1"
      }
    },
    "path-is-absolute": {
      "version": "1.0.1",
      "resolved": "http://r.npm.sankuai.com/path-is-absolute/download/path-is-absolute-1.0.1.tgz",
      "integrity": "sha1-F0uSaHNVNP+8es5r9TpanhtcX18="
    },
    "picomatch": {
      "version": "2.3.1",
      "resolved": "http://r.npm.sankuai.com/picomatch/download/picomatch-2.3.1.tgz",
      "integrity": "sha1-O6ODNzNkbZ0+SZWUbBNlpn+wekI="
    },
    "queue-microtask": {
      "version": "1.2.3",
      "resolved": "http://r.npm.sankuai.com/queue-microtask/download/queue-microtask-1.2.3.tgz",
      "integrity": "sha1-SSkii7xyTfrEPg77BYyve2z7YkM="
    },
    "raf.js": {
      "version": "0.0.4",
      "resolved": "http://r.npm.sankuai.com/raf.js/download/raf.js-0.0.4.tgz",
      "integrity": "sha1-8Vr0RdJBsn+nExpXRQtn75xAL+w="
    },
    "reusify": {
      "version": "1.0.4",
      "resolved": "http://r.npm.sankuai.com/reusify/download/reusify-1.0.4.tgz",
      "integrity": "sha1-kNo4Kx4SbvwCFG6QhFqI2xKSXXY="
    },
    "run-parallel": {
      "version": "1.2.0",
      "resolved": "http://r.npm.sankuai.com/run-parallel/download/run-parallel-1.2.0.tgz",
      "integrity": "sha1-ZtE2jae9+SHrnZW9GpIp5/IaQ+4=",
      "requires": {
        "queue-microtask": "^1.2.2"
      }
    },
    "safer-buffer": {
      "version": "2.1.2",
      "resolved": "http://r.npm.sankuai.com/safer-buffer/download/safer-buffer-2.1.2.tgz",
      "integrity": "sha1-RPoWGwGHuVSd2Eu5GAL5vYOFzWo="
    },
    "sax": {
      "version": "1.2.4",
      "resolved": "http://r.npm.sankuai.com/sax/download/sax-1.2.4.tgz",
      "integrity": "sha1-KBYjTiN4vdxOU1T6tcqold9xANk="
    },
    "source-map": {
      "version": "0.7.3",
      "resolved": "http://r.npm.sankuai.com/source-map/download/source-map-0.7.3.tgz",
      "integrity": "sha1-UwL4FpAxc1ImVECS5kmB91F1A4M="
    },
    "source-map-resolve": {
      "version": "0.6.0",
      "resolved": "http://r.npm.sankuai.com/source-map-resolve/download/source-map-resolve-0.6.0.tgz",
      "integrity": "sha1-PZ34fiNrU/FtAeWBUPx3EROOXtI=",
      "requires": {
        "atob": "^2.1.2",
        "decode-uri-component": "^0.2.0"
      }
    },
    "stylus": {
      "version": "0.56.0",
      "resolved": "http://r.npm.sankuai.com/stylus/download/stylus-0.56.0.tgz",
      "integrity": "sha1-E/yFxICC20g8kNJTCUL+iwvpiOs=",
      "requires": {
        "css": "^3.0.0",
        "debug": "^4.3.2",
        "glob": "^7.1.6",
        "safer-buffer": "^2.1.2",
        "sax": "~1.2.4",
        "source-map": "^0.7.3"
      },
      "dependencies": {
        "debug": {
          "version": "4.3.3",
          "resolved": "http://r.npm.sankuai.com/debug/download/debug-4.3.3.tgz",
          "integrity": "sha1-BCZuC3CpjURi5uKI44JZITMytmQ=",
          "requires": {
            "ms": "2.1.2"
          }
        },
        "ms": {
          "version": "2.1.2",
          "resolved": "http://r.npm.sankuai.com/ms/download/ms-2.1.2.tgz",
          "integrity": "sha1-0J0fNXtEP0kzgqjrPM0YOHKuYAk="
        }
      }
    },
    "stylus-loader": {
      "version": "6.2.0",
      "resolved": "http://r.npm.sankuai.com/stylus-loader/download/stylus-loader-6.2.0.tgz",
      "integrity": "sha1-C6SZ50Tn+52bOXd4TIY5cop87Yw=",
      "requires": {
        "fast-glob": "^3.2.7",
        "klona": "^2.0.4",
        "normalize-path": "^3.0.0"
      }
    },
    "to-regex-range": {
      "version": "5.0.1",
      "resolved": "http://r.npm.sankuai.com/to-regex-range/download/to-regex-range-5.0.1.tgz",
      "integrity": "sha1-FkjESq58jZiKMmAY7XL1tN0DkuQ=",
      "requires": {
        "is-number": "^7.0.0"
      }
    },
    "vue": {
      "version": "2.5.2",
      "resolved": "http://r.npm.sankuai.com/vue/download/vue-2.5.2.tgz",
      "integrity": "sha1-/TZ6h7rnU15H+dxcnsO0luX+taQ="
    },
    "vue-lazyload": {
      "version": "1.3.3",
      "resolved": "http://r.npm.sankuai.com/vue-lazyload/download/vue-lazyload-1.3.3.tgz",
      "integrity": "sha1-TfUKJxvem3TDyveiKNbgr1DVaC8="
    },
    "vue-router": {
      "version": "4.0.13",
      "resolved": "http://r.npm.sankuai.com/vue-router/download/vue-router-4.0.13.tgz",
      "integrity": "sha1-R/BuL4/2Egv/88J63hNWzJ3n2HA=",
      "requires": {
        "@vue/devtools-api": "^6.0.0"
      }
    },
    "wrappy": {
      "version": "1.0.2",
      "resolved": "http://r.npm.sankuai.com/wrappy/download/wrappy-1.0.2.tgz",
      "integrity": "sha1-tSQ9jz7BqjXxNkYFvA0QNuMKtp8="
    }
  }
}
